
Microsoft Visual Studio Solution File, Format Version 12.00
# Visual Studio Version 17
VisualStudioVersion = 17.0.31903.59
MinimumVisualStudioVersion = 10.0.40219.1
Project("{2150E333-8FDC-42A3-9474-1A3956D46DE8}") = "src", "src", "{827E0CD3-B72D-47B6-A68D-7590B98EB39B}"
EndProject
Project("{FAE04EC0-301F-11D3-BF4B-00C04F79EFBC}") = "OrbitMesh.Core", "src\OrbitMesh.Core\OrbitMesh.Core.csproj", "{FF14C359-003E-4087-A383-FBDCD69F0883}"
EndProject
Project("{FAE04EC0-301F-11D3-BF4B-00C04F79EFBC}") = "OrbitMesh.Host", "src\OrbitMesh.Host\OrbitMesh.Host.csproj", "{C9F6E863-22FA-4E46-AF3F-218CA94FD45E}"
EndProject
Project("{FAE04EC0-301F-11D3-BF4B-00C04F79EFBC}") = "OrbitMesh.Node", "src\OrbitMesh.Node\OrbitMesh.Node.csproj", "{6E4619C2-C0FF-4059-B126-75ABCB54B45F}"
EndProject
Project("{FAE04EC0-301F-11D3-BF4B-00C04F79EFBC}") = "OrbitMesh.Workflows", "src\OrbitMesh.Workflows\OrbitMesh.Workflows.csproj", "{0DB1ABB8-8043-40E8-912E-A7118E4822F1}"
EndProject
Project("{FAE04EC0-301F-11D3-BF4B-00C04F79EFBC}") = "OrbitMesh.Storage.Sqlite", "src\OrbitMesh.Storage.Sqlite\OrbitMesh.Storage.Sqlite.csproj", "{D74CB5CE-065A-4CA1-9A54-D94300E4010B}"
EndProject
Project("{2150E333-8FDC-42A3-9474-1A3956D46DE8}") = "tests", "tests", "{0AB3BF05-4346-4AA6-1389-037BE0695223}"
EndProject
Project("{FAE04EC0-301F-11D3-BF4B-00C04F79EFBC}") = "OrbitMesh.Core.Tests", "tests\OrbitMesh.Core.Tests\OrbitMesh.Core.Tests.csproj", "{ED718769-1278-487B-870B-6AAA044B602F}"
EndProject
Project("{FAE04EC0-301F-11D3-BF4B-00C04F79EFBC}") = "OrbitMesh.Host.Tests", "tests\OrbitMesh.Host.Tests\OrbitMesh.Host.Tests.csproj", "{E2677150-FFCC-44F5-890F-6633F5A4CB0B}"
EndProject
Project("{FAE04EC0-301F-11D3-BF4B-00C04F79EFBC}") = "OrbitMesh.Node.Tests", "tests\OrbitMesh.Node.Tests\OrbitMesh.Node.Tests.csproj", "{AC01AC56-D0D0-4C83-B393-52B43EB29BE9}"
EndProject
Project("{FAE04EC0-301F-11D3-BF4B-00C04F79EFBC}") = "OrbitMesh.Integration.Tests", "tests\OrbitMesh.Integration.Tests\OrbitMesh.Integration.Tests.csproj", "{B71AE4F6-1CD9-496B-BBD0-84768133279C}"
EndProject
Project("{FAE04EC0-301F-11D3-BF4B-00C04F79EFBC}") = "OrbitMesh.Client", "src\OrbitMesh.Client\OrbitMesh.Client.csproj", "{A0016314-92E7-40A4-87B4-291356EE9790}"
EndProject
Project("{FAE04EC0-301F-11D3-BF4B-00C04F79EFBC}") = "OrbitMesh.Client.Tests", "tests\OrbitMesh.Client.Tests\OrbitMesh.Client.Tests.csproj", "{34BA097D-F563-42A3-952A-1C074330D410}"
EndProject
Project("{FAE04EC0-301F-11D3-BF4B-00C04F79EFBC}") = "OrbitMesh.Workflows.Tests", "tests\OrbitMesh.Workflows.Tests\OrbitMesh.Workflows.Tests.csproj", "{B84297C2-6F94-4994-A192-F0C34DCEE92C}"
EndProject
Project("{2150E333-8FDC-42A3-9474-1A3956D46DE8}") = "products", "products", "{91DB166F-8FA8-D710-9FF9-784B929F57E0}"
EndProject
Project("{FAE04EC0-301F-11D3-BF4B-00C04F79EFBC}") = "orbit-host", "products\orbit-host\orbit-host.csproj", "{8AD16038-274D-45BC-8D94-B9B511D6C480}"
EndProject
Project("{FAE04EC0-301F-11D3-BF4B-00C04F79EFBC}") = "orbit-node", "products\orbit-node\orbit-node.csproj", "{5A69A02A-ED29-4947-9FDF-B130EDC69A20}"
EndProject
Project("{FAE04EC0-301F-11D3-BF4B-00C04F79EFBC}") = "OrbitMesh.Transport.P2P", "src\OrbitMesh.Transport.P2P\OrbitMesh.Transport.P2P.csproj", "{7064ED30-12FF-4714-ACE0-5EFB04536228}"
EndProject
Global
	GlobalSection(SolutionConfigurationPlatforms) = preSolution
		Debug|Any CPU = Debug|Any CPU
		Debug|x64 = Debug|x64
		Debug|x86 = Debug|x86
		Release|Any CPU = Release|Any CPU
		Release|x64 = Release|x64
		Release|x86 = Release|x86
	EndGlobalSection
	GlobalSection(ProjectConfigurationPlatforms) = postSolution
		{FF14C359-003E-4087-A383-FBDCD69F0883}.Debug|Any CPU.ActiveCfg = Debug|Any CPU
		{FF14C359-003E-4087-A383-FBDCD69F0883}.Debug|Any CPU.Build.0 = Debug|Any CPU
		{FF14C359-003E-4087-A383-FBDCD69F0883}.Debug|x64.ActiveCfg = Debug|Any CPU
		{FF14C359-003E-4087-A383-FBDCD69F0883}.Debug|x64.Build.0 = Debug|Any CPU
		{FF14C359-003E-4087-A383-FBDCD69F0883}.Debug|x86.ActiveCfg = Debug|Any CPU
		{FF14C359-003E-4087-A383-FBDCD69F0883}.Debug|x86.Build.0 = Debug|Any CPU
		{FF14C359-003E-4087-A383-FBDCD69F0883}.Release|Any CPU.ActiveCfg = Release|Any CPU
		{FF14C359-003E-4087-A383-FBDCD69F0883}.Release|Any CPU.Build.0 = Release|Any CPU
		{FF14C359-003E-4087-A383-FBDCD69F0883}.Release|x64.ActiveCfg = Release|Any CPU
		{FF14C359-003E-4087-A383-FBDCD69F0883}.Release|x64.Build.0 = Release|Any CPU
		{FF14C359-003E-4087-A383-FBDCD69F0883}.Release|x86.ActiveCfg = Release|Any CPU
		{FF14C359-003E-4087-A383-FBDCD69F0883}.Release|x86.Build.0 = Release|Any CPU
		{C9F6E863-22FA-4E46-AF3F-218CA94FD45E}.Debug|Any CPU.ActiveCfg = Debug|Any CPU
		{C9F6E863-22FA-4E46-AF3F-218CA94FD45E}.Debug|Any CPU.Build.0 = Debug|Any CPU
		{C9F6E863-22FA-4E46-AF3F-218CA94FD45E}.Debug|x64.ActiveCfg = Debug|Any CPU
		{C9F6E863-22FA-4E46-AF3F-218CA94FD45E}.Debug|x64.Build.0 = Debug|Any CPU
		{C9F6E863-22FA-4E46-AF3F-218CA94FD45E}.Debug|x86.ActiveCfg = Debug|Any CPU
		{C9F6E863-22FA-4E46-AF3F-218CA94FD45E}.Debug|x86.Build.0 = Debug|Any CPU
		{C9F6E863-22FA-4E46-AF3F-218CA94FD45E}.Release|Any CPU.ActiveCfg = Release|Any CPU
		{C9F6E863-22FA-4E46-AF3F-218CA94FD45E}.Release|Any CPU.Build.0 = Release|Any CPU
		{C9F6E863-22FA-4E46-AF3F-218CA94FD45E}.Release|x64.ActiveCfg = Release|Any CPU
		{C9F6E863-22FA-4E46-AF3F-218CA94FD45E}.Release|x64.Build.0 = Release|Any CPU
		{C9F6E863-22FA-4E46-AF3F-218CA94FD45E}.Release|x86.ActiveCfg = Release|Any CPU
		{C9F6E863-22FA-4E46-AF3F-218CA94FD45E}.Release|x86.Build.0 = Release|Any CPU
		{6E4619C2-C0FF-4059-B126-75ABCB54B45F}.Debug|Any CPU.ActiveCfg = Debug|Any CPU
		{6E4619C2-C0FF-4059-B126-75ABCB54B45F}.Debug|Any CPU.Build.0 = Debug|Any CPU
		{6E4619C2-C0FF-4059-B126-75ABCB54B45F}.Debug|x64.ActiveCfg = Debug|Any CPU
		{6E4619C2-C0FF-4059-B126-75ABCB54B45F}.Debug|x64.Build.0 = Debug|Any CPU
		{6E4619C2-C0FF-4059-B126-75ABCB54B45F}.Debug|x86.ActiveCfg = Debug|Any CPU
		{6E4619C2-C0FF-4059-B126-75ABCB54B45F}.Debug|x86.Build.0 = Debug|Any CPU
		{6E4619C2-C0FF-4059-B126-75ABCB54B45F}.Release|Any CPU.ActiveCfg = Release|Any CPU
		{6E4619C2-C0FF-4059-B126-75ABCB54B45F}.Release|Any CPU.Build.0 = Release|Any CPU
		{6E4619C2-C0FF-4059-B126-75ABCB54B45F}.Release|x64.ActiveCfg = Release|Any CPU
		{6E4619C2-C0FF-4059-B126-75ABCB54B45F}.Release|x64.Build.0 = Release|Any CPU
		{6E4619C2-C0FF-4059-B126-75ABCB54B45F}.Release|x86.ActiveCfg = Release|Any CPU
		{6E4619C2-C0FF-4059-B126-75ABCB54B45F}.Release|x86.Build.0 = Release|Any CPU
		{0DB1ABB8-8043-40E8-912E-A7118E4822F1}.Debug|Any CPU.ActiveCfg = Debug|Any CPU
		{0DB1ABB8-8043-40E8-912E-A7118E4822F1}.Debug|Any CPU.Build.0 = Debug|Any CPU
		{0DB1ABB8-8043-40E8-912E-A7118E4822F1}.Debug|x64.ActiveCfg = Debug|Any CPU
		{0DB1ABB8-8043-40E8-912E-A7118E4822F1}.Debug|x64.Build.0 = Debug|Any CPU
		{0DB1ABB8-8043-40E8-912E-A7118E4822F1}.Debug|x86.ActiveCfg = Debug|Any CPU
		{0DB1ABB8-8043-40E8-912E-A7118E4822F1}.Debug|x86.Build.0 = Debug|Any CPU
		{0DB1ABB8-8043-40E8-912E-A7118E4822F1}.Release|Any CPU.ActiveCfg = Release|Any CPU
		{0DB1ABB8-8043-40E8-912E-A7118E4822F1}.Release|Any CPU.Build.0 = Release|Any CPU
		{0DB1ABB8-8043-40E8-912E-A7118E4822F1}.Release|x64.ActiveCfg = Release|Any CPU
		{0DB1ABB8-8043-40E8-912E-A7118E4822F1}.Release|x64.Build.0 = Release|Any CPU
		{0DB1ABB8-8043-40E8-912E-A7118E4822F1}.Release|x86.ActiveCfg = Release|Any CPU
		{0DB1ABB8-8043-40E8-912E-A7118E4822F1}.Release|x86.Build.0 = Release|Any CPU
		{D74CB5CE-065A-4CA1-9A54-D94300E4010B}.Debug|Any CPU.ActiveCfg = Debug|Any CPU
		{D74CB5CE-065A-4CA1-9A54-D94300E4010B}.Debug|Any CPU.Build.0 = Debug|Any CPU
		{D74CB5CE-065A-4CA1-9A54-D94300E4010B}.Debug|x64.ActiveCfg = Debug|Any CPU
		{D74CB5CE-065A-4CA1-9A54-D94300E4010B}.Debug|x64.Build.0 = Debug|Any CPU
		{D74CB5CE-065A-4CA1-9A54-D94300E4010B}.Debug|x86.ActiveCfg = Debug|Any CPU
		{D74CB5CE-065A-4CA1-9A54-D94300E4010B}.Debug|x86.Build.0 = Debug|Any CPU
		{D74CB5CE-065A-4CA1-9A54-D94300E4010B}.Release|Any CPU.ActiveCfg = Release|Any CPU
		{D74CB5CE-065A-4CA1-9A54-D94300E4010B}.Release|Any CPU.Build.0 = Release|Any CPU
		{D74CB5CE-065A-4CA1-9A54-D94300E4010B}.Release|x64.ActiveCfg = Release|Any CPU
		{D74CB5CE-065A-4CA1-9A54-D94300E4010B}.Release|x64.Build.0 = Release|Any CPU
		{D74CB5CE-065A-4CA1-9A54-D94300E4010B}.Release|x86.ActiveCfg = Release|Any CPU
		{D74CB5CE-065A-4CA1-9A54-D94300E4010B}.Release|x86.Build.0 = Release|Any CPU
		{ED718769-1278-487B-870B-6AAA044B602F}.Debug|Any CPU.ActiveCfg = Debug|Any CPU
		{ED718769-1278-487B-870B-6AAA044B602F}.Debug|Any CPU.Build.0 = Debug|Any CPU
		{ED718769-1278-487B-870B-6AAA044B602F}.Debug|x64.ActiveCfg = Debug|Any CPU
		{ED718769-1278-487B-870B-6AAA044B602F}.Debug|x64.Build.0 = Debug|Any CPU
		{ED718769-1278-487B-870B-6AAA044B602F}.Debug|x86.ActiveCfg = Debug|Any CPU
		{ED718769-1278-487B-870B-6AAA044B602F}.Debug|x86.Build.0 = Debug|Any CPU
		{ED718769-1278-487B-870B-6AAA044B602F}.Release|Any CPU.ActiveCfg = Release|Any CPU
		{ED718769-1278-487B-870B-6AAA044B602F}.Release|Any CPU.Build.0 = Release|Any CPU
		{ED718769-1278-487B-870B-6AAA044B602F}.Release|x64.ActiveCfg = Release|Any CPU
		{ED718769-1278-487B-870B-6AAA044B602F}.Release|x64.Build.0 = Release|Any CPU
		{ED718769-1278-487B-870B-6AAA044B602F}.Release|x86.ActiveCfg = Release|Any CPU
		{ED718769-1278-487B-870B-6AAA044B602F}.Release|x86.Build.0 = Release|Any CPU
		{E2677150-FFCC-44F5-890F-6633F5A4CB0B}.Debug|Any CPU.ActiveCfg = Debug|Any CPU
		{E2677150-FFCC-44F5-890F-6633F5A4CB0B}.Debug|Any CPU.Build.0 = Debug|Any CPU
		{E2677150-FFCC-44F5-890F-6633F5A4CB0B}.Debug|x64.ActiveCfg = Debug|Any CPU
		{E2677150-FFCC-44F5-890F-6633F5A4CB0B}.Debug|x64.Build.0 = Debug|Any CPU
		{E2677150-FFCC-44F5-890F-6633F5A4CB0B}.Debug|x86.ActiveCfg = Debug|Any CPU
		{E2677150-FFCC-44F5-890F-6633F5A4CB0B}.Debug|x86.Build.0 = Debug|Any CPU
		{E2677150-FFCC-44F5-890F-6633F5A4CB0B}.Release|Any CPU.ActiveCfg = Release|Any CPU
		{E2677150-FFCC-44F5-890F-6633F5A4CB0B}.Release|Any CPU.Build.0 = Release|Any CPU
		{E2677150-FFCC-44F5-890F-6633F5A4CB0B}.Release|x64.ActiveCfg = Release|Any CPU
		{E2677150-FFCC-44F5-890F-6633F5A4CB0B}.Release|x64.Build.0 = Release|Any CPU
		{E2677150-FFCC-44F5-890F-6633F5A4CB0B}.Release|x86.ActiveCfg = Release|Any CPU
		{E2677150-FFCC-44F5-890F-6633F5A4CB0B}.Release|x86.Build.0 = Release|Any CPU
		{AC01AC56-D0D0-4C83-B393-52B43EB29BE9}.Debug|Any CPU.ActiveCfg = Debug|Any CPU
		{AC01AC56-D0D0-4C83-B393-52B43EB29BE9}.Debug|Any CPU.Build.0 = Debug|Any CPU
		{AC01AC56-D0D0-4C83-B393-52B43EB29BE9}.Debug|x64.ActiveCfg = Debug|Any CPU
		{AC01AC56-D0D0-4C83-B393-52B43EB29BE9}.Debug|x64.Build.0 = Debug|Any CPU
		{AC01AC56-D0D0-4C83-B393-52B43EB29BE9}.Debug|x86.ActiveCfg = Debug|Any CPU
		{AC01AC56-D0D0-4C83-B393-52B43EB29BE9}.Debug|x86.Build.0 = Debug|Any CPU
		{AC01AC56-D0D0-4C83-B393-52B43EB29BE9}.Release|Any CPU.ActiveCfg = Release|Any CPU
		{AC01AC56-D0D0-4C83-B393-52B43EB29BE9}.Release|Any CPU.Build.0 = Release|Any CPU
		{AC01AC56-D0D0-4C83-B393-52B43EB29BE9}.Release|x64.ActiveCfg = Release|Any CPU
		{AC01AC56-D0D0-4C83-B393-52B43EB29BE9}.Release|x64.Build.0 = Release|Any CPU
		{AC01AC56-D0D0-4C83-B393-52B43EB29BE9}.Release|x86.ActiveCfg = Release|Any CPU
		{AC01AC56-D0D0-4C83-B393-52B43EB29BE9}.Release|x86.Build.0 = Release|Any CPU
		{B71AE4F6-1CD9-496B-BBD0-84768133279C}.Debug|Any CPU.ActiveCfg = Debug|Any CPU
		{B71AE4F6-1CD9-496B-BBD0-84768133279C}.Debug|Any CPU.Build.0 = Debug|Any CPU
		{B71AE4F6-1CD9-496B-BBD0-84768133279C}.Debug|x64.ActiveCfg = Debug|Any CPU
		{B71AE4F6-1CD9-496B-BBD0-84768133279C}.Debug|x64.Build.0 = Debug|Any CPU
		{B71AE4F6-1CD9-496B-BBD0-84768133279C}.Debug|x86.ActiveCfg = Debug|Any CPU
		{B71AE4F6-1CD9-496B-BBD0-84768133279C}.Debug|x86.Build.0 = Debug|Any CPU
		{B71AE4F6-1CD9-496B-BBD0-84768133279C}.Release|Any CPU.ActiveCfg = Release|Any CPU
		{B71AE4F6-1CD9-496B-BBD0-84768133279C}.Release|Any CPU.Build.0 = Release|Any CPU
		{B71AE4F6-1CD9-496B-BBD0-84768133279C}.Release|x64.ActiveCfg = Release|Any CPU
		{B71AE4F6-1CD9-496B-BBD0-84768133279C}.Release|x64.Build.0 = Release|Any CPU
		{B71AE4F6-1CD9-496B-BBD0-84768133279C}.Release|x86.ActiveCfg = Release|Any CPU
		{B71AE4F6-1CD9-496B-BBD0-84768133279C}.Release|x86.Build.0 = Release|Any CPU
		{A0016314-92E7-40A4-87B4-291356EE9790}.Debug|Any CPU.ActiveCfg = Debug|Any CPU
		{A0016314-92E7-40A4-87B4-291356EE9790}.Debug|Any CPU.Build.0 = Debug|Any CPU
		{A0016314-92E7-40A4-87B4-291356EE9790}.Debug|x64.ActiveCfg = Debug|Any CPU
		{A0016314-92E7-40A4-87B4-291356EE9790}.Debug|x64.Build.0 = Debug|Any CPU
		{A0016314-92E7-40A4-87B4-291356EE9790}.Debug|x86.ActiveCfg = Debug|Any CPU
		{A0016314-92E7-40A4-87B4-291356EE9790}.Debug|x86.Build.0 = Debug|Any CPU
		{A0016314-92E7-40A4-87B4-291356EE9790}.Release|Any CPU.ActiveCfg = Release|Any CPU
		{A0016314-92E7-40A4-87B4-291356EE9790}.Release|Any CPU.Build.0 = Release|Any CPU
		{A0016314-92E7-40A4-87B4-291356EE9790}.Release|x64.ActiveCfg = Release|Any CPU
		{A0016314-92E7-40A4-87B4-291356EE9790}.Release|x64.Build.0 = Release|Any CPU
		{A0016314-92E7-40A4-87B4-291356EE9790}.Release|x86.ActiveCfg = Release|Any CPU
		{A0016314-92E7-40A4-87B4-291356EE9790}.Release|x86.Build.0 = Release|Any CPU
		{34BA097D-F563-42A3-952A-1C074330D410}.Debug|Any CPU.ActiveCfg = Debug|Any CPU
		{34BA097D-F563-42A3-952A-1C074330D410}.Debug|Any CPU.Build.0 = Debug|Any CPU
		{34BA097D-F563-42A3-952A-1C074330D410}.Debug|x64.ActiveCfg = Debug|Any CPU
		{34BA097D-F563-42A3-952A-1C074330D410}.Debug|x64.Build.0 = Debug|Any CPU
		{34BA097D-F563-42A3-952A-1C074330D410}.Debug|x86.ActiveCfg = Debug|Any CPU
		{34BA097D-F563-42A3-952A-1C074330D410}.Debug|x86.Build.0 = Debug|Any CPU
		{34BA097D-F563-42A3-952A-1C074330D410}.Release|Any CPU.ActiveCfg = Release|Any CPU
		{34BA097D-F563-42A3-952A-1C074330D410}.Release|Any CPU.Build.0 = Release|Any CPU
		{34BA097D-F563-42A3-952A-1C074330D410}.Release|x64.ActiveCfg = Release|Any CPU
		{34BA097D-F563-42A3-952A-1C074330D410}.Release|x64.Build.0 = Release|Any CPU
		{34BA097D-F563-42A3-952A-1C074330D410}.Release|x86.ActiveCfg = Release|Any CPU
		{34BA097D-F563-42A3-952A-1C074330D410}.Release|x86.Build.0 = Release|Any CPU
		{B84297C2-6F94-4994-A192-F0C34DCEE92C}.Debug|Any CPU.ActiveCfg = Debug|Any CPU
		{B84297C2-6F94-4994-A192-F0C34DCEE92C}.Debug|Any CPU.Build.0 = Debug|Any CPU
		{B84297C2-6F94-4994-A192-F0C34DCEE92C}.Debug|x64.ActiveCfg = Debug|Any CPU
		{B84297C2-6F94-4994-A192-F0C34DCEE92C}.Debug|x64.Build.0 = Debug|Any CPU
		{B84297C2-6F94-4994-A192-F0C34DCEE92C}.Debug|x86.ActiveCfg = Debug|Any CPU
		{B84297C2-6F94-4994-A192-F0C34DCEE92C}.Debug|x86.Build.0 = Debug|Any CPU
		{B84297C2-6F94-4994-A192-F0C34DCEE92C}.Release|Any CPU.ActiveCfg = Release|Any CPU
		{B84297C2-6F94-4994-A192-F0C34DCEE92C}.Release|Any CPU.Build.0 = Release|Any CPU
		{B84297C2-6F94-4994-A192-F0C34DCEE92C}.Release|x64.ActiveCfg = Release|Any CPU
		{B84297C2-6F94-4994-A192-F0C34DCEE92C}.Release|x64.Build.0 = Release|Any CPU
		{B84297C2-6F94-4994-A192-F0C34DCEE92C}.Release|x86.ActiveCfg = Release|Any CPU
		{B84297C2-6F94-4994-A192-F0C34DCEE92C}.Release|x86.Build.0 = Release|Any CPU
		{8AD16038-274D-45BC-8D94-B9B511D6C480}.Debug|Any CPU.ActiveCfg = Debug|Any CPU
		{8AD16038-274D-45BC-8D94-B9B511D6C480}.Debug|Any CPU.Build.0 = Debug|Any CPU
		{8AD16038-274D-45BC-8D94-B9B511D6C480}.Debug|x64.ActiveCfg = Debug|Any CPU
		{8AD16038-274D-45BC-8D94-B9B511D6C480}.Debug|x64.Build.0 = Debug|Any CPU
		{8AD16038-274D-45BC-8D94-B9B511D6C480}.Debug|x86.ActiveCfg = Debug|Any CPU
		{8AD16038-274D-45BC-8D94-B9B511D6C480}.Debug|x86.Build.0 = Debug|Any CPU
		{8AD16038-274D-45BC-8D94-B9B511D6C480}.Release|Any CPU.ActiveCfg = Release|Any CPU
		{8AD16038-274D-45BC-8D94-B9B511D6C480}.Release|Any CPU.Build.0 = Release|Any CPU
		{8AD16038-274D-45BC-8D94-B9B511D6C480}.Release|x64.ActiveCfg = Release|Any CPU
		{8AD16038-274D-45BC-8D94-B9B511D6C480}.Release|x64.Build.0 = Release|Any CPU
		{8AD16038-274D-45BC-8D94-B9B511D6C480}.Release|x86.ActiveCfg = Release|Any CPU
		{8AD16038-274D-45BC-8D94-B9B511D6C480}.Release|x86.Build.0 = Release|Any CPU
		{5A69A02A-ED29-4947-9FDF-B130EDC69A20}.Debug|Any CPU.ActiveCfg = Debug|Any CPU
		{5A69A02A-ED29-4947-9FDF-B130EDC69A20}.Debug|Any CPU.Build.0 = Debug|Any CPU
		{5A69A02A-ED29-4947-9FDF-B130EDC69A20}.Debug|x64.ActiveCfg = Debug|Any CPU
		{5A69A02A-ED29-4947-9FDF-B130EDC69A20}.Debug|x64.Build.0 = Debug|Any CPU
		{5A69A02A-ED29-4947-9FDF-B130EDC69A20}.Debug|x86.ActiveCfg = Debug|Any CPU
		{5A69A02A-ED29-4947-9FDF-B130EDC69A20}.Debug|x86.Build.0 = Debug|Any CPU
		{5A69A02A-ED29-4947-9FDF-B130EDC69A20}.Release|Any CPU.ActiveCfg = Release|Any CPU
		{5A69A02A-ED29-4947-9FDF-B130EDC69A20}.Release|Any CPU.Build.0 = Release|Any CPU
		{5A69A02A-ED29-4947-9FDF-B130EDC69A20}.Release|x64.ActiveCfg = Release|Any CPU
		{5A69A02A-ED29-4947-9FDF-B130EDC69A20}.Release|x64.Build.0 = Release|Any CPU
		{5A69A02A-ED29-4947-9FDF-B130EDC69A20}.Release|x86.ActiveCfg = Release|Any CPU
		{5A69A02A-ED29-4947-9FDF-B130EDC69A20}.Release|x86.Build.0 = Release|Any CPU
		{7064ED30-12FF-4714-ACE0-5EFB04536228}.Debug|Any CPU.ActiveCfg = Debug|Any CPU
		{7064ED30-12FF-4714-ACE0-5EFB04536228}.Debug|Any CPU.Build.0 = Debug|Any CPU
		{7064ED30-12FF-4714-ACE0-5EFB04536228}.Debug|x64.ActiveCfg = Debug|Any CPU
		{7064ED30-12FF-4714-ACE0-5EFB04536228}.Debug|x64.Build.0 = Debug|Any CPU
		{7064ED30-12FF-4714-ACE0-5EFB04536228}.Debug|x86.ActiveCfg = Debug|Any CPU
		{7064ED30-12FF-4714-ACE0-5EFB04536228}.Debug|x86.Build.0 = Debug|Any CPU
		{7064ED30-12FF-4714-ACE0-5EFB04536228}.Release|Any CPU.ActiveCfg = Release|Any CPU
		{7064ED30-12FF-4714-ACE0-5EFB04536228}.Release|Any CPU.Build.0 = Release|Any CPU
		{7064ED30-12FF-4714-ACE0-5EFB04536228}.Release|x64.ActiveCfg = Release|Any CPU
		{7064ED30-12FF-4714-ACE0-5EFB04536228}.Release|x64.Build.0 = Release|Any CPU
		{7064ED30-12FF-4714-ACE0-5EFB04536228}.Release|x86.ActiveCfg = Release|Any CPU
		{7064ED30-12FF-4714-ACE0-5EFB04536228}.Release|x86.Build.0 = Release|Any CPU
	EndGlobalSection
	GlobalSection(SolutionProperties) = preSolution
		HideSolutionNode = FALSE
	EndGlobalSection
	GlobalSection(NestedProjects) = preSolution
		{FF14C359-003E-4087-A383-FBDCD69F0883} = {827E0CD3-B72D-47B6-A68D-7590B98EB39B}
		{C9F6E863-22FA-4E46-AF3F-218CA94FD45E} = {827E0CD3-B72D-47B6-A68D-7590B98EB39B}
		{6E4619C2-C0FF-4059-B126-75ABCB54B45F} = {827E0CD3-B72D-47B6-A68D-7590B98EB39B}
		{0DB1ABB8-8043-40E8-912E-A7118E4822F1} = {827E0CD3-B72D-47B6-A68D-7590B98EB39B}
		{D74CB5CE-065A-4CA1-9A54-D94300E4010B} = {827E0CD3-B72D-47B6-A68D-7590B98EB39B}
		{ED718769-1278-487B-870B-6AAA044B602F} = {0AB3BF05-4346-4AA6-1389-037BE0695223}
		{E2677150-FFCC-44F5-890F-6633F5A4CB0B} = {0AB3BF05-4346-4AA6-1389-037BE0695223}
		{AC01AC56-D0D0-4C83-B393-52B43EB29BE9} = {0AB3BF05-4346-4AA6-1389-037BE0695223}
		{B71AE4F6-1CD9-496B-BBD0-84768133279C} = {0AB3BF05-4346-4AA6-1389-037BE0695223}
		{A0016314-92E7-40A4-87B4-291356EE9790} = {827E0CD3-B72D-47B6-A68D-7590B98EB39B}
		{34BA097D-F563-42A3-952A-1C074330D410} = {0AB3BF05-4346-4AA6-1389-037BE0695223}
		{B84297C2-6F94-4994-A192-F0C34DCEE92C} = {0AB3BF05-4346-4AA6-1389-037BE0695223}
		{8AD16038-274D-45BC-8D94-B9B511D6C480} = {91DB166F-8FA8-D710-9FF9-784B929F57E0}
		{5A69A02A-ED29-4947-9FDF-B130EDC69A20} = {91DB166F-8FA8-D710-9FF9-784B929F57E0}
		{7064ED30-12FF-4714-ACE0-5EFB04536228} = {827E0CD3-B72D-47B6-A68D-7590B98EB39B}
	EndGlobalSection
EndGlobal
